
Microsoft Visual Studio Solution File, Format Version 12.00
# Visual Studio Version 16
VisualStudioVersion = 16.0.31205.134
MinimumVisualStudioVersion = 10.0.40219.1
Project("{8BC9CEB8-8B4A-11D0-8D11-00A0C91BC942}") = "CampoMinado", "CampoMinado\CampoMinado.vcxproj", "{9ECB578B-969E-44FB-B56F-CB352A7ADFB4}"
EndProject
Global
	GlobalSection(SolutionConfigurationPlatforms) = preSolution
		Debug|x64 = Debug|x64
		Debug|x86 = Debug|x86
		Release|x64 = Release|x64
		Release|x86 = Release|x86
	EndGlobalSection
	GlobalSection(ProjectConfigurationPlatforms) = postSolution
		{9ECB578B-969E-44FB-B56F-CB352A7ADFB4}.Debug|x64.ActiveCfg = Debug|x64
		{9ECB578B-969E-44FB-B56F-CB352A7ADFB4}.Debug|x64.Build.0 = Debug|x64
		{9ECB578B-969E-44FB-B56F-CB352A7ADFB4}.Debug|x86.ActiveCfg = Debug|Win32
		{9ECB578B-969E-44FB-B56F-CB352A7ADFB4}.Debug|x86.Build.0 = Debug|Win32
		{9ECB578B-969E-44FB-B56F-CB352A7ADFB4}.Release|x64.ActiveCfg = Release|x64
		{9ECB578B-969E-44FB-B56F-CB352A7ADFB4}.Release|x64.Build.0 = Release|x64
		{9ECB578B-969E-44FB-B56F-CB352A7ADFB4}.Release|x86.ActiveCfg = Release|Win32
		{9ECB578B-969E-44FB-B56F-CB352A7ADFB4}.Release|x86.Build.0 = Release|Win32
	EndGlobalSection
	GlobalSection(SolutionProperties) = preSolution
		HideSolutionNode = FALSE
	EndGlobalSection
	GlobalSection(ExtensibilityGlobals) = postSolution
		SolutionGuid = {B4E025C3-8C19-4433-8603-37A558958864}
	EndGlobalSection
EndGlobal
